
Microsoft Visual Studio Solution File, Format Version 12.00
# Visual Studio Version 16
VisualStudioVersion = 16.0.29102.190
MinimumVisualStudioVersion = 10.0.40219.1
Project("{FAE04EC0-301F-11D3-BF4B-00C04F79EFBC}") = "REMONT", "REMONT\REMONT.csproj", "{A6496641-62AA-46EC-A76B-1BFF8AF3F2FA}"
EndProject
Global
	GlobalSection(SolutionConfigurationPlatforms) = preSolution
		Debug|Any CPU = Debug|Any CPU
		Release|Any CPU = Release|Any CPU
	EndGlobalSection
	GlobalSection(ProjectConfigurationPlatforms) = postSolution
		{A6496641-62AA-46EC-A76B-1BFF8AF3F2FA}.Debug|Any CPU.ActiveCfg = Debug|Any CPU
		{A6496641-62AA-46EC-A76B-1BFF8AF3F2FA}.Debug|Any CPU.Build.0 = Debug|Any CPU
		{A6496641-62AA-46EC-A76B-1BFF8AF3F2FA}.Release|Any CPU.ActiveCfg = Release|Any CPU
		{A6496641-62AA-46EC-A76B-1BFF8AF3F2FA}.Release|Any CPU.Build.0 = Release|Any CPU
	EndGlobalSection
	GlobalSection(SolutionProperties) = preSolution
		HideSolutionNode = FALSE
	EndGlobalSection
	GlobalSection(ExtensibilityGlobals) = postSolution
		SolutionGuid = {80C9689D-DBEE-4F31-B7EF-CEEA06F81C2B}
	EndGlobalSection
EndGlobal
